
Microsoft Visual Studio Solution File, Format Version 12.00
# Visual Studio 15
VisualStudioVersion = 15.0.28307.1585
MinimumVisualStudioVersion = 10.0.40219.1
Project("{8BC9CEB8-8B4A-11D0-8D11-00A0C91BC942}") = "VisualCpp", "VisualCpp.vcxproj", "{FBAF4800-D755-4C5A-9875-C1D2EDD45B54}"
EndProject
Global
	GlobalSection(SolutionConfigurationPlatforms) = preSolution
		Debug|x64 = Debug|x64
		Debug|x86 = Debug|x86
		Release|x64 = Release|x64
		Release|x86 = Release|x86
	EndGlobalSection
	GlobalSection(ProjectConfigurationPlatforms) = postSolution
		{FBAF4800-D755-4C5A-9875-C1D2EDD45B54}.Debug|x64.ActiveCfg = Debug|x64
		{FBAF4800-D755-4C5A-9875-C1D2EDD45B54}.Debug|x64.Build.0 = Debug|x64
		{FBAF4800-D755-4C5A-9875-C1D2EDD45B54}.Debug|x86.ActiveCfg = Debug|Win32
		{FBAF4800-D755-4C5A-9875-C1D2EDD45B54}.Debug|x86.Build.0 = Debug|Win32
		{FBAF4800-D755-4C5A-9875-C1D2EDD45B54}.Release|x64.ActiveCfg = Release|x64
		{FBAF4800-D755-4C5A-9875-C1D2EDD45B54}.Release|x64.Build.0 = Release|x64
		{FBAF4800-D755-4C5A-9875-C1D2EDD45B54}.Release|x86.ActiveCfg = Release|Win32
		{FBAF4800-D755-4C5A-9875-C1D2EDD45B54}.Release|x86.Build.0 = Release|Win32
	EndGlobalSection
	GlobalSection(SolutionProperties) = preSolution
		HideSolutionNode = FALSE
	EndGlobalSection
	GlobalSection(ExtensibilityGlobals) = postSolution
		SolutionGuid = {976DC6E6-F523-4D30-811A-67F3C96A21DB}
	EndGlobalSection
EndGlobal
