<?xml version="1.0" encoding="utf-8"?>
<Project ToolsVersion="4.0" xmlns="http://schemas.microsoft.com/developer/msbuild/2003">
  <ItemGroup>
    <Filter Include="源文件">
      <UniqueIdentifier>{4FC737F1-C7A5-4376-A066-2A32D752A2FF}</UniqueIdentifier>
      <Extensions>cpp;c;cc;cxx;def;odl;idl;hpj;bat;asm;asmx</Extensions>
    </Filter>
    <Filter Include="头文件">
      <UniqueIdentifier>{93995380-89BD-4b04-88EB-625FBE52EBFB}</UniqueIdentifier>
      <Extensions>h;hh;hpp;hxx;hm;inl;inc;ipp;xsd</Extensions>
    </Filter>
    <Filter Include="资源文件">
      <UniqueIdentifier>{67DA6AB6-F800-4c08-8B7A-83BB121AAD01}</UniqueIdentifier>
      <Extensions>rc;ico;cur;bmp;dlg;rc2;rct;bin;rgs;gif;jpg;jpeg;jpe;resx;tiff;tif;png;wav;mfcribbon-ms</Extensions>
    </Filter>
    <Filter Include="lib">
      <UniqueIdentifier>{dcf75f97-55a6-4dc8-ac14-f1c2a169eee3}</UniqueIdentifier>
    </Filter>
    <Filter Include="dll">
      <UniqueIdentifier>{7fc05417-9e1e-4513-aecb-ef9bfcbdc420}</UniqueIdentifier>
    </Filter>
    <Filter Include="txt">
      <UniqueIdentifier>{5f11eb8e-a387-4b9f-99d2-1e1bb2145247}</UniqueIdentifier>
    </Filter>
  </ItemGroup>
  <ItemGroup>
    <ClInclude Include="include\Base64.hpp">
      <Filter>头文件</Filter>
    </ClInclude>
    <ClInclude Include="include\ConfigIni.hpp">
      <Filter>头文件</Filter>
    </ClInclude>
    <ClInclude Include="include\ConfigJson.hpp">
      <Filter>头文件</Filter>
    </ClInclude>
    <ClInclude Include="include\FileSystem.hpp">
      <Filter>头文件</Filter>
    </ClInclude>
    <ClInclude Include="include\Func.hpp">
      <Filter>头文件</Filter>
    </ClInclude>
    <ClInclude Include="include\GdiPlus.hpp">
      <Filter>头文件</Filter>
    </ClInclude>
    <ClInclude Include="include\HttpUtility.hpp">
      <Filter>头文件</Filter>
    </ClInclude>
    <ClInclude Include="include\Json.hpp">
      <Filter>头文件</Filter>
    </ClInclude>
    <ClInclude Include="include\Md5.hpp">
      <Filter>头文件</Filter>
    </ClInclude>
    <ClInclude Include="include\MySqlClient.hpp">
      <Filter>头文件</Filter>
    </ClInclude>
    <ClInclude Include="include\OrcaleClient.hpp">
      <Filter>头文件</Filter>
    </ClInclude>
    <ClInclude Include="include\os.h">
      <Filter>头文件</Filter>
    </ClInclude>
    <ClInclude Include="include\Printer.hpp">
      <Filter>头文件</Filter>
    </ClInclude>
    <ClInclude Include="include\Regedit.h">
      <Filter>头文件</Filter>
    </ClInclude>
    <ClInclude Include="include\Socket.hpp">
      <Filter>头文件</Filter>
    </ClInclude>
    <ClInclude Include="include\Text.hpp">
      <Filter>头文件</Filter>
    </ClInclude>
    <ClInclude Include="include\ThreadPool.hpp">
      <Filter>头文件</Filter>
    </ClInclude>
    <ClInclude Include="include\Time.hpp">
      <Filter>头文件</Filter>
    </ClInclude>
    <ClInclude Include="TString.hpp">
      <Filter>头文件</Filter>
    </ClInclude>
    <ClInclude Include="include\WinTool.hpp">
      <Filter>头文件</Filter>
    </ClInclude>
    <ClInclude Include="include\WebClient.hpp">
      <Filter>头文件</Filter>
    </ClInclude>
  </ItemGroup>
  <ItemGroup>
    <Library Include="lib\json_lib.lib">
      <Filter>lib</Filter>
    </Library>
    <Library Include="lib\json_libd.lib">
      <Filter>lib</Filter>
    </Library>
    <Library Include="lib\libcurl.lib">
      <Filter>lib</Filter>
    </Library>
    <Library Include="lib\libcurld.lib">
      <Filter>lib</Filter>
    </Library>
    <Library Include="lib\libeay32.lib">
      <Filter>lib</Filter>
    </Library>
    <Library Include="lib\libmysql.lib">
      <Filter>lib</Filter>
    </Library>
    <Library Include="lib\libmysqld.lib">
      <Filter>lib</Filter>
    </Library>
    <Library Include="lib\oraocci12.lib">
      <Filter>lib</Filter>
    </Library>
    <Library Include="lib\oraocci12d.lib">
      <Filter>lib</Filter>
    </Library>
    <Library Include="lib\ssleay32.lib">
      <Filter>lib</Filter>
    </Library>
  </ItemGroup>
  <ItemGroup>
    <None Include="dll\dll.rar">
      <Filter>dll</Filter>
    </None>
  </ItemGroup>
  <ItemGroup>
    <ClCompile Include="main.cpp">
      <Filter>源文件</Filter>
    </ClCompile>
  </ItemGroup>
  <ItemGroup>
    <Text Include="txt\笔记.txt">
      <Filter>txt</Filter>
    </Text>
  </ItemGroup>
</Project>